
Microsoft Visual Studio Solution File, Format Version 12.00
# Visual Studio Version 17
VisualStudioVersion = 17.4.33213.308
MinimumVisualStudioVersion = 10.0.40219.1
Project("{13B669BE-BB05-4DDF-9536-439F39A36129}") = "Payroll", "Payroll.phpproj", "{B108F9AC-D5D0-4921-908D-BB5D77B44E5D}"
EndProject
Global
	GlobalSection(SolutionConfigurationPlatforms) = preSolution
		Debug|Any CPU = Debug|Any CPU
		Release|Any CPU = Release|Any CPU
	EndGlobalSection
	GlobalSection(ProjectConfigurationPlatforms) = postSolution
		{B108F9AC-D5D0-4921-908D-BB5D77B44E5D}.Debug|Any CPU.ActiveCfg = Debug|Any CPU
		{B108F9AC-D5D0-4921-908D-BB5D77B44E5D}.Debug|Any CPU.Build.0 = Debug|Any CPU
		{B108F9AC-D5D0-4921-908D-BB5D77B44E5D}.Release|Any CPU.ActiveCfg = Release|Any CPU
		{B108F9AC-D5D0-4921-908D-BB5D77B44E5D}.Release|Any CPU.Build.0 = Release|Any CPU
	EndGlobalSection
	GlobalSection(SolutionProperties) = preSolution
		HideSolutionNode = FALSE
	EndGlobalSection
	GlobalSection(ExtensibilityGlobals) = postSolution
		SolutionGuid = {41B2F780-80BD-41E4-9A08-A6E4BCF430E6}
	EndGlobalSection
EndGlobal
